
Microsoft Visual Studio Solution File, Format Version 12.00
# Visual Studio 15
VisualStudioVersion = 15.0.27428.2011
MinimumVisualStudioVersion = 10.0.40219.1
Project("{FAE04EC0-301F-11D3-BF4B-00C04F79EFBC}") = "XamarinFormsStarterKit.Android", "XamarinFormsStarterKit\XamarinFormsStarterKit.Android\XamarinFormsStarterKit.Android.csproj", "{3748A9DA-E5AE-4BE2-9F42-81BE0A0BBE5F}"
EndProject
Project("{FAE04EC0-301F-11D3-BF4B-00C04F79EFBC}") = "XamarinFormsStarterKit.iOS", "XamarinFormsStarterKit\XamarinFormsStarterKit.iOS\XamarinFormsStarterKit.iOS.csproj", "{F4D2B04C-7121-4A34-9C37-545808A796FD}"
EndProject
Project("{FAE04EC0-301F-11D3-BF4B-00C04F79EFBC}") = "XamarinFormsStarterKit.UWP", "XamarinFormsStarterKit\XamarinFormsStarterKit.UWP\XamarinFormsStarterKit.UWP.csproj", "{E95BC84C-5367-42B1-9A22-12799A826A76}"
EndProject
Project("{FAE04EC0-301F-11D3-BF4B-00C04F79EFBC}") = "XamarinFormsStarterKit", "XamarinFormsStarterKit\XamarinFormsStarterKit\XamarinFormsStarterKit.csproj", "{A3F21989-E50B-4B3C-97E0-B259A5BA0E51}"
EndProject
Global
	GlobalSection(SolutionConfigurationPlatforms) = preSolution
		Ad-Hoc|Any CPU = Ad-Hoc|Any CPU
		Ad-Hoc|ARM = Ad-Hoc|ARM
		Ad-Hoc|iPhone = Ad-Hoc|iPhone
		Ad-Hoc|iPhoneSimulator = Ad-Hoc|iPhoneSimulator
		Ad-Hoc|x64 = Ad-Hoc|x64
		Ad-Hoc|x86 = Ad-Hoc|x86
		AppStore|Any CPU = AppStore|Any CPU
		AppStore|ARM = AppStore|ARM
		AppStore|iPhone = AppStore|iPhone
		AppStore|iPhoneSimulator = AppStore|iPhoneSimulator
		AppStore|x64 = AppStore|x64
		AppStore|x86 = AppStore|x86
		Debug|Any CPU = Debug|Any CPU
		Debug|ARM = Debug|ARM
		Debug|iPhone = Debug|iPhone
		Debug|iPhoneSimulator = Debug|iPhoneSimulator
		Debug|x64 = Debug|x64
		Debug|x86 = Debug|x86
		Release|Any CPU = Release|Any CPU
		Release|ARM = Release|ARM
		Release|iPhone = Release|iPhone
		Release|iPhoneSimulator = Release|iPhoneSimulator
		Release|x64 = Release|x64
		Release|x86 = Release|x86
	EndGlobalSection
	GlobalSection(ProjectConfigurationPlatforms) = postSolution
		{3748A9DA-E5AE-4BE2-9F42-81BE0A0BBE5F}.Ad-Hoc|Any CPU.ActiveCfg = Debug|Any CPU
		{3748A9DA-E5AE-4BE2-9F42-81BE0A0BBE5F}.Ad-Hoc|Any CPU.Deploy.0 = Debug|Any CPU
		{3748A9DA-E5AE-4BE2-9F42-81BE0A0BBE5F}.Ad-Hoc|ARM.ActiveCfg = Release|Any CPU
		{3748A9DA-E5AE-4BE2-9F42-81BE0A0BBE5F}.Ad-Hoc|ARM.Build.0 = Release|Any CPU
		{3748A9DA-E5AE-4BE2-9F42-81BE0A0BBE5F}.Ad-Hoc|ARM.Deploy.0 = Release|Any CPU
		{3748A9DA-E5AE-4BE2-9F42-81BE0A0BBE5F}.Ad-Hoc|iPhone.ActiveCfg = Release|Any CPU
		{3748A9DA-E5AE-4BE2-9F42-81BE0A0BBE5F}.Ad-Hoc|iPhone.Build.0 = Release|Any CPU
		{3748A9DA-E5AE-4BE2-9F42-81BE0A0BBE5F}.Ad-Hoc|iPhone.Deploy.0 = Release|Any CPU
		{3748A9DA-E5AE-4BE2-9F42-81BE0A0BBE5F}.Ad-Hoc|iPhoneSimulator.ActiveCfg = Release|Any CPU
		{3748A9DA-E5AE-4BE2-9F42-81BE0A0BBE5F}.Ad-Hoc|iPhoneSimulator.Build.0 = Release|Any CPU
		{3748A9DA-E5AE-4BE2-9F42-81BE0A0BBE5F}.Ad-Hoc|iPhoneSimulator.Deploy.0 = Release|Any CPU
		{3748A9DA-E5AE-4BE2-9F42-81BE0A0BBE5F}.Ad-Hoc|x64.ActiveCfg = Release|Any CPU
		{3748A9DA-E5AE-4BE2-9F42-81BE0A0BBE5F}.Ad-Hoc|x64.Build.0 = Release|Any CPU
		{3748A9DA-E5AE-4BE2-9F42-81BE0A0BBE5F}.Ad-Hoc|x64.Deploy.0 = Release|Any CPU
		{3748A9DA-E5AE-4BE2-9F42-81BE0A0BBE5F}.Ad-Hoc|x86.ActiveCfg = Release|Any CPU
		{3748A9DA-E5AE-4BE2-9F42-81BE0A0BBE5F}.Ad-Hoc|x86.Build.0 = Release|Any CPU
		{3748A9DA-E5AE-4BE2-9F42-81BE0A0BBE5F}.Ad-Hoc|x86.Deploy.0 = Release|Any CPU
		{3748A9DA-E5AE-4BE2-9F42-81BE0A0BBE5F}.AppStore|Any CPU.ActiveCfg = Release|Any CPU
		{3748A9DA-E5AE-4BE2-9F42-81BE0A0BBE5F}.AppStore|Any CPU.Build.0 = Release|Any CPU
		{3748A9DA-E5AE-4BE2-9F42-81BE0A0BBE5F}.AppStore|Any CPU.Deploy.0 = Release|Any CPU
		{3748A9DA-E5AE-4BE2-9F42-81BE0A0BBE5F}.AppStore|ARM.ActiveCfg = Release|Any CPU
		{3748A9DA-E5AE-4BE2-9F42-81BE0A0BBE5F}.AppStore|ARM.Build.0 = Release|Any CPU
		{3748A9DA-E5AE-4BE2-9F42-81BE0A0BBE5F}.AppStore|ARM.Deploy.0 = Release|Any CPU
		{3748A9DA-E5AE-4BE2-9F42-81BE0A0BBE5F}.AppStore|iPhone.ActiveCfg = Release|Any CPU
		{3748A9DA-E5AE-4BE2-9F42-81BE0A0BBE5F}.AppStore|iPhone.Build.0 = Release|Any CPU
		{3748A9DA-E5AE-4BE2-9F42-81BE0A0BBE5F}.AppStore|iPhone.Deploy.0 = Release|Any CPU
		{3748A9DA-E5AE-4BE2-9F42-81BE0A0BBE5F}.AppStore|iPhoneSimulator.ActiveCfg = Release|Any CPU
		{3748A9DA-E5AE-4BE2-9F42-81BE0A0BBE5F}.AppStore|iPhoneSimulator.Build.0 = Release|Any CPU
		{3748A9DA-E5AE-4BE2-9F42-81BE0A0BBE5F}.AppStore|iPhoneSimulator.Deploy.0 = Release|Any CPU
		{3748A9DA-E5AE-4BE2-9F42-81BE0A0BBE5F}.AppStore|x64.ActiveCfg = Release|Any CPU
		{3748A9DA-E5AE-4BE2-9F42-81BE0A0BBE5F}.AppStore|x64.Build.0 = Release|Any CPU
		{3748A9DA-E5AE-4BE2-9F42-81BE0A0BBE5F}.AppStore|x64.Deploy.0 = Release|Any CPU
		{3748A9DA-E5AE-4BE2-9F42-81BE0A0BBE5F}.AppStore|x86.ActiveCfg = Release|Any CPU
		{3748A9DA-E5AE-4BE2-9F42-81BE0A0BBE5F}.AppStore|x86.Build.0 = Release|Any CPU
		{3748A9DA-E5AE-4BE2-9F42-81BE0A0BBE5F}.AppStore|x86.Deploy.0 = Release|Any CPU
		{3748A9DA-E5AE-4BE2-9F42-81BE0A0BBE5F}.Debug|Any CPU.ActiveCfg = Debug|Any CPU
		{3748A9DA-E5AE-4BE2-9F42-81BE0A0BBE5F}.Debug|Any CPU.Build.0 = Debug|Any CPU
		{3748A9DA-E5AE-4BE2-9F42-81BE0A0BBE5F}.Debug|Any CPU.Deploy.0 = Debug|Any CPU
		{3748A9DA-E5AE-4BE2-9F42-81BE0A0BBE5F}.Debug|ARM.ActiveCfg = Debug|Any CPU
		{3748A9DA-E5AE-4BE2-9F42-81BE0A0BBE5F}.Debug|ARM.Build.0 = Debug|Any CPU
		{3748A9DA-E5AE-4BE2-9F42-81BE0A0BBE5F}.Debug|ARM.Deploy.0 = Debug|Any CPU
		{3748A9DA-E5AE-4BE2-9F42-81BE0A0BBE5F}.Debug|iPhone.ActiveCfg = Debug|Any CPU
		{3748A9DA-E5AE-4BE2-9F42-81BE0A0BBE5F}.Debug|iPhone.Build.0 = Debug|Any CPU
		{3748A9DA-E5AE-4BE2-9F42-81BE0A0BBE5F}.Debug|iPhone.Deploy.0 = Debug|Any CPU
		{3748A9DA-E5AE-4BE2-9F42-81BE0A0BBE5F}.Debug|iPhoneSimulator.ActiveCfg = Debug|Any CPU
		{3748A9DA-E5AE-4BE2-9F42-81BE0A0BBE5F}.Debug|iPhoneSimulator.Build.0 = Debug|Any CPU
		{3748A9DA-E5AE-4BE2-9F42-81BE0A0BBE5F}.Debug|iPhoneSimulator.Deploy.0 = Debug|Any CPU
		{3748A9DA-E5AE-4BE2-9F42-81BE0A0BBE5F}.Debug|x64.ActiveCfg = Debug|Any CPU
		{3748A9DA-E5AE-4BE2-9F42-81BE0A0BBE5F}.Debug|x64.Build.0 = Debug|Any CPU
		{3748A9DA-E5AE-4BE2-9F42-81BE0A0BBE5F}.Debug|x64.Deploy.0 = Debug|Any CPU
		{3748A9DA-E5AE-4BE2-9F42-81BE0A0BBE5F}.Debug|x86.ActiveCfg = Debug|Any CPU
		{3748A9DA-E5AE-4BE2-9F42-81BE0A0BBE5F}.Debug|x86.Build.0 = Debug|Any CPU
		{3748A9DA-E5AE-4BE2-9F42-81BE0A0BBE5F}.Debug|x86.Deploy.0 = Debug|Any CPU
		{3748A9DA-E5AE-4BE2-9F42-81BE0A0BBE5F}.Release|Any CPU.ActiveCfg = Release|Any CPU
		{3748A9DA-E5AE-4BE2-9F42-81BE0A0BBE5F}.Release|Any CPU.Build.0 = Release|Any CPU
		{3748A9DA-E5AE-4BE2-9F42-81BE0A0BBE5F}.Release|Any CPU.Deploy.0 = Release|Any CPU
		{3748A9DA-E5AE-4BE2-9F42-81BE0A0BBE5F}.Release|ARM.ActiveCfg = Release|Any CPU
		{3748A9DA-E5AE-4BE2-9F42-81BE0A0BBE5F}.Release|ARM.Build.0 = Release|Any CPU
		{3748A9DA-E5AE-4BE2-9F42-81BE0A0BBE5F}.Release|ARM.Deploy.0 = Release|Any CPU
		{3748A9DA-E5AE-4BE2-9F42-81BE0A0BBE5F}.Release|iPhone.ActiveCfg = Release|Any CPU
		{3748A9DA-E5AE-4BE2-9F42-81BE0A0BBE5F}.Release|iPhone.Build.0 = Release|Any CPU
		{3748A9DA-E5AE-4BE2-9F42-81BE0A0BBE5F}.Release|iPhone.Deploy.0 = Release|Any CPU
		{3748A9DA-E5AE-4BE2-9F42-81BE0A0BBE5F}.Release|iPhoneSimulator.ActiveCfg = Release|Any CPU
		{3748A9DA-E5AE-4BE2-9F42-81BE0A0BBE5F}.Release|iPhoneSimulator.Build.0 = Release|Any CPU
		{3748A9DA-E5AE-4BE2-9F42-81BE0A0BBE5F}.Release|iPhoneSimulator.Deploy.0 = Release|Any CPU
		{3748A9DA-E5AE-4BE2-9F42-81BE0A0BBE5F}.Release|x64.ActiveCfg = Release|Any CPU
		{3748A9DA-E5AE-4BE2-9F42-81BE0A0BBE5F}.Release|x64.Build.0 = Release|Any CPU
		{3748A9DA-E5AE-4BE2-9F42-81BE0A0BBE5F}.Release|x64.Deploy.0 = Release|Any CPU
		{3748A9DA-E5AE-4BE2-9F42-81BE0A0BBE5F}.Release|x86.ActiveCfg = Release|Any CPU
		{3748A9DA-E5AE-4BE2-9F42-81BE0A0BBE5F}.Release|x86.Build.0 = Release|Any CPU
		{3748A9DA-E5AE-4BE2-9F42-81BE0A0BBE5F}.Release|x86.Deploy.0 = Release|Any CPU
		{3748A9DA-E5AE-4BE2-9F42-81BE0A0BBE5F}.Ad-Hoc|Any CPU.Build.0 = Debug|Any CPU
		{F4D2B04C-7121-4A34-9C37-545808A796FD}.Ad-Hoc|Any CPU.ActiveCfg = Debug|iPhoneSimulator
		{F4D2B04C-7121-4A34-9C37-545808A796FD}.Ad-Hoc|ARM.ActiveCfg = Ad-Hoc|iPhone
		{F4D2B04C-7121-4A34-9C37-545808A796FD}.Ad-Hoc|iPhone.ActiveCfg = Ad-Hoc|iPhone
		{F4D2B04C-7121-4A34-9C37-545808A796FD}.Ad-Hoc|iPhone.Build.0 = Ad-Hoc|iPhone
		{F4D2B04C-7121-4A34-9C37-545808A796FD}.Ad-Hoc|iPhoneSimulator.ActiveCfg = Ad-Hoc|iPhoneSimulator
		{F4D2B04C-7121-4A34-9C37-545808A796FD}.Ad-Hoc|iPhoneSimulator.Build.0 = Ad-Hoc|iPhoneSimulator
		{F4D2B04C-7121-4A34-9C37-545808A796FD}.Ad-Hoc|x64.ActiveCfg = Ad-Hoc|iPhone
		{F4D2B04C-7121-4A34-9C37-545808A796FD}.Ad-Hoc|x86.ActiveCfg = Ad-Hoc|iPhone
		{F4D2B04C-7121-4A34-9C37-545808A796FD}.AppStore|Any CPU.ActiveCfg = AppStore|iPhone
		{F4D2B04C-7121-4A34-9C37-545808A796FD}.AppStore|ARM.ActiveCfg = AppStore|iPhone
		{F4D2B04C-7121-4A34-9C37-545808A796FD}.AppStore|iPhone.ActiveCfg = AppStore|iPhone
		{F4D2B04C-7121-4A34-9C37-545808A796FD}.AppStore|iPhone.Build.0 = AppStore|iPhone
		{F4D2B04C-7121-4A34-9C37-545808A796FD}.AppStore|iPhoneSimulator.ActiveCfg = AppStore|iPhoneSimulator
		{F4D2B04C-7121-4A34-9C37-545808A796FD}.AppStore|iPhoneSimulator.Build.0 = AppStore|iPhoneSimulator
		{F4D2B04C-7121-4A34-9C37-545808A796FD}.AppStore|x64.ActiveCfg = AppStore|iPhone
		{F4D2B04C-7121-4A34-9C37-545808A796FD}.AppStore|x86.ActiveCfg = AppStore|iPhone
		{F4D2B04C-7121-4A34-9C37-545808A796FD}.Debug|Any CPU.ActiveCfg = Debug|iPhone
		{F4D2B04C-7121-4A34-9C37-545808A796FD}.Debug|Any CPU.Build.0 = Debug|iPhone
		{F4D2B04C-7121-4A34-9C37-545808A796FD}.Debug|ARM.ActiveCfg = Debug|iPhone
		{F4D2B04C-7121-4A34-9C37-545808A796FD}.Debug|iPhone.ActiveCfg = Debug|iPhone
		{F4D2B04C-7121-4A34-9C37-545808A796FD}.Debug|iPhone.Build.0 = Debug|iPhone
		{F4D2B04C-7121-4A34-9C37-545808A796FD}.Debug|iPhoneSimulator.ActiveCfg = Debug|iPhoneSimulator
		{F4D2B04C-7121-4A34-9C37-545808A796FD}.Debug|iPhoneSimulator.Build.0 = Debug|iPhoneSimulator
		{F4D2B04C-7121-4A34-9C37-545808A796FD}.Debug|x64.ActiveCfg = Debug|iPhone
		{F4D2B04C-7121-4A34-9C37-545808A796FD}.Debug|x86.ActiveCfg = Debug|iPhone
		{F4D2B04C-7121-4A34-9C37-545808A796FD}.Release|Any CPU.ActiveCfg = Release|iPhone
		{F4D2B04C-7121-4A34-9C37-545808A796FD}.Release|ARM.ActiveCfg = Release|iPhone
		{F4D2B04C-7121-4A34-9C37-545808A796FD}.Release|iPhone.ActiveCfg = Release|iPhone
		{F4D2B04C-7121-4A34-9C37-545808A796FD}.Release|iPhone.Build.0 = Release|iPhone
		{F4D2B04C-7121-4A34-9C37-545808A796FD}.Release|iPhoneSimulator.ActiveCfg = Release|iPhoneSimulator
		{F4D2B04C-7121-4A34-9C37-545808A796FD}.Release|iPhoneSimulator.Build.0 = Release|iPhoneSimulator
		{F4D2B04C-7121-4A34-9C37-545808A796FD}.Release|x64.ActiveCfg = Release|iPhone
		{F4D2B04C-7121-4A34-9C37-545808A796FD}.Release|x86.ActiveCfg = Release|iPhone
		{F4D2B04C-7121-4A34-9C37-545808A796FD}.Ad-Hoc|Any CPU.Build.0 = Debug|iPhoneSimulator
		{E95BC84C-5367-42B1-9A22-12799A826A76}.Ad-Hoc|Any CPU.ActiveCfg = Release|x86
		{E95BC84C-5367-42B1-9A22-12799A826A76}.Ad-Hoc|Any CPU.Build.0 = Release|x86
		{E95BC84C-5367-42B1-9A22-12799A826A76}.Ad-Hoc|Any CPU.Deploy.0 = Release|x86
		{E95BC84C-5367-42B1-9A22-12799A826A76}.Ad-Hoc|ARM.ActiveCfg = Release|ARM
		{E95BC84C-5367-42B1-9A22-12799A826A76}.Ad-Hoc|ARM.Build.0 = Release|ARM
		{E95BC84C-5367-42B1-9A22-12799A826A76}.Ad-Hoc|ARM.Deploy.0 = Release|ARM
		{E95BC84C-5367-42B1-9A22-12799A826A76}.Ad-Hoc|iPhone.ActiveCfg = Release|x86
		{E95BC84C-5367-42B1-9A22-12799A826A76}.Ad-Hoc|iPhone.Build.0 = Release|x86
		{E95BC84C-5367-42B1-9A22-12799A826A76}.Ad-Hoc|iPhone.Deploy.0 = Release|x86
		{E95BC84C-5367-42B1-9A22-12799A826A76}.Ad-Hoc|iPhoneSimulator.ActiveCfg = Release|x86
		{E95BC84C-5367-42B1-9A22-12799A826A76}.Ad-Hoc|iPhoneSimulator.Build.0 = Release|x86
		{E95BC84C-5367-42B1-9A22-12799A826A76}.Ad-Hoc|iPhoneSimulator.Deploy.0 = Release|x86
		{E95BC84C-5367-42B1-9A22-12799A826A76}.Ad-Hoc|x64.ActiveCfg = Release|x64
		{E95BC84C-5367-42B1-9A22-12799A826A76}.Ad-Hoc|x64.Build.0 = Release|x64
		{E95BC84C-5367-42B1-9A22-12799A826A76}.Ad-Hoc|x64.Deploy.0 = Release|x64
		{E95BC84C-5367-42B1-9A22-12799A826A76}.Ad-Hoc|x86.ActiveCfg = Release|x86
		{E95BC84C-5367-42B1-9A22-12799A826A76}.Ad-Hoc|x86.Build.0 = Release|x86
		{E95BC84C-5367-42B1-9A22-12799A826A76}.Ad-Hoc|x86.Deploy.0 = Release|x86
		{E95BC84C-5367-42B1-9A22-12799A826A76}.AppStore|Any CPU.ActiveCfg = Release|x86
		{E95BC84C-5367-42B1-9A22-12799A826A76}.AppStore|Any CPU.Build.0 = Release|x86
		{E95BC84C-5367-42B1-9A22-12799A826A76}.AppStore|Any CPU.Deploy.0 = Release|x86
		{E95BC84C-5367-42B1-9A22-12799A826A76}.AppStore|ARM.ActiveCfg = Release|ARM
		{E95BC84C-5367-42B1-9A22-12799A826A76}.AppStore|ARM.Build.0 = Release|ARM
		{E95BC84C-5367-42B1-9A22-12799A826A76}.AppStore|ARM.Deploy.0 = Release|ARM
		{E95BC84C-5367-42B1-9A22-12799A826A76}.AppStore|iPhone.ActiveCfg = Release|x86
		{E95BC84C-5367-42B1-9A22-12799A826A76}.AppStore|iPhone.Build.0 = Release|x86
		{E95BC84C-5367-42B1-9A22-12799A826A76}.AppStore|iPhone.Deploy.0 = Release|x86
		{E95BC84C-5367-42B1-9A22-12799A826A76}.AppStore|iPhoneSimulator.ActiveCfg = Release|x86
		{E95BC84C-5367-42B1-9A22-12799A826A76}.AppStore|iPhoneSimulator.Build.0 = Release|x86
		{E95BC84C-5367-42B1-9A22-12799A826A76}.AppStore|iPhoneSimulator.Deploy.0 = Release|x86
		{E95BC84C-5367-42B1-9A22-12799A826A76}.AppStore|x64.ActiveCfg = Release|x64
		{E95BC84C-5367-42B1-9A22-12799A826A76}.AppStore|x64.Build.0 = Release|x64
		{E95BC84C-5367-42B1-9A22-12799A826A76}.AppStore|x64.Deploy.0 = Release|x64
		{E95BC84C-5367-42B1-9A22-12799A826A76}.AppStore|x86.ActiveCfg = Release|x86
		{E95BC84C-5367-42B1-9A22-12799A826A76}.AppStore|x86.Build.0 = Release|x86
		{E95BC84C-5367-42B1-9A22-12799A826A76}.AppStore|x86.Deploy.0 = Release|x86
		{E95BC84C-5367-42B1-9A22-12799A826A76}.Debug|Any CPU.ActiveCfg = Debug|x86
		{E95BC84C-5367-42B1-9A22-12799A826A76}.Debug|Any CPU.Build.0 = Debug|x86
		{E95BC84C-5367-42B1-9A22-12799A826A76}.Debug|ARM.ActiveCfg = Debug|ARM
		{E95BC84C-5367-42B1-9A22-12799A826A76}.Debug|ARM.Build.0 = Debug|ARM
		{E95BC84C-5367-42B1-9A22-12799A826A76}.Debug|ARM.Deploy.0 = Debug|ARM
		{E95BC84C-5367-42B1-9A22-12799A826A76}.Debug|iPhone.ActiveCfg = Debug|x86
		{E95BC84C-5367-42B1-9A22-12799A826A76}.Debug|iPhoneSimulator.ActiveCfg = Debug|x86
		{E95BC84C-5367-42B1-9A22-12799A826A76}.Debug|x64.ActiveCfg = Debug|x64
		{E95BC84C-5367-42B1-9A22-12799A826A76}.Debug|x64.Build.0 = Debug|x64
		{E95BC84C-5367-42B1-9A22-12799A826A76}.Debug|x64.Deploy.0 = Debug|x64
		{E95BC84C-5367-42B1-9A22-12799A826A76}.Debug|x86.ActiveCfg = Debug|x86
		{E95BC84C-5367-42B1-9A22-12799A826A76}.Debug|x86.Build.0 = Debug|x86
		{E95BC84C-5367-42B1-9A22-12799A826A76}.Debug|x86.Deploy.0 = Debug|x86
		{E95BC84C-5367-42B1-9A22-12799A826A76}.Release|Any CPU.ActiveCfg = Release|x86
		{E95BC84C-5367-42B1-9A22-12799A826A76}.Release|ARM.ActiveCfg = Release|ARM
		{E95BC84C-5367-42B1-9A22-12799A826A76}.Release|ARM.Build.0 = Release|ARM
		{E95BC84C-5367-42B1-9A22-12799A826A76}.Release|ARM.Deploy.0 = Release|ARM
		{E95BC84C-5367-42B1-9A22-12799A826A76}.Release|iPhone.ActiveCfg = Release|x86
		{E95BC84C-5367-42B1-9A22-12799A826A76}.Release|iPhoneSimulator.ActiveCfg = Release|x86
		{E95BC84C-5367-42B1-9A22-12799A826A76}.Release|x64.ActiveCfg = Release|x64
		{E95BC84C-5367-42B1-9A22-12799A826A76}.Release|x64.Build.0 = Release|x64
		{E95BC84C-5367-42B1-9A22-12799A826A76}.Release|x64.Deploy.0 = Release|x64
		{E95BC84C-5367-42B1-9A22-12799A826A76}.Release|x86.ActiveCfg = Release|x86
		{E95BC84C-5367-42B1-9A22-12799A826A76}.Release|x86.Build.0 = Release|x86
		{E95BC84C-5367-42B1-9A22-12799A826A76}.Release|x86.Deploy.0 = Release|x86
		{A3F21989-E50B-4B3C-97E0-B259A5BA0E51}.Ad-Hoc|Any CPU.ActiveCfg = Debug|Any CPU
		{A3F21989-E50B-4B3C-97E0-B259A5BA0E51}.Ad-Hoc|Any CPU.Build.0 = Debug|Any CPU
		{A3F21989-E50B-4B3C-97E0-B259A5BA0E51}.Ad-Hoc|ARM.ActiveCfg = Debug|Any CPU
		{A3F21989-E50B-4B3C-97E0-B259A5BA0E51}.Ad-Hoc|ARM.Build.0 = Debug|Any CPU
		{A3F21989-E50B-4B3C-97E0-B259A5BA0E51}.Ad-Hoc|iPhone.ActiveCfg = Debug|Any CPU
		{A3F21989-E50B-4B3C-97E0-B259A5BA0E51}.Ad-Hoc|iPhone.Build.0 = Debug|Any CPU
		{A3F21989-E50B-4B3C-97E0-B259A5BA0E51}.Ad-Hoc|iPhoneSimulator.ActiveCfg = Debug|Any CPU
		{A3F21989-E50B-4B3C-97E0-B259A5BA0E51}.Ad-Hoc|iPhoneSimulator.Build.0 = Debug|Any CPU
		{A3F21989-E50B-4B3C-97E0-B259A5BA0E51}.Ad-Hoc|x64.ActiveCfg = Debug|Any CPU
		{A3F21989-E50B-4B3C-97E0-B259A5BA0E51}.Ad-Hoc|x64.Build.0 = Debug|Any CPU
		{A3F21989-E50B-4B3C-97E0-B259A5BA0E51}.Ad-Hoc|x86.ActiveCfg = Debug|Any CPU
		{A3F21989-E50B-4B3C-97E0-B259A5BA0E51}.Ad-Hoc|x86.Build.0 = Debug|Any CPU
		{A3F21989-E50B-4B3C-97E0-B259A5BA0E51}.AppStore|Any CPU.ActiveCfg = Debug|Any CPU
		{A3F21989-E50B-4B3C-97E0-B259A5BA0E51}.AppStore|Any CPU.Build.0 = Debug|Any CPU
		{A3F21989-E50B-4B3C-97E0-B259A5BA0E51}.AppStore|ARM.ActiveCfg = Debug|Any CPU
		{A3F21989-E50B-4B3C-97E0-B259A5BA0E51}.AppStore|ARM.Build.0 = Debug|Any CPU
		{A3F21989-E50B-4B3C-97E0-B259A5BA0E51}.AppStore|iPhone.ActiveCfg = Debug|Any CPU
		{A3F21989-E50B-4B3C-97E0-B259A5BA0E51}.AppStore|iPhone.Build.0 = Debug|Any CPU
		{A3F21989-E50B-4B3C-97E0-B259A5BA0E51}.AppStore|iPhoneSimulator.ActiveCfg = Debug|Any CPU
		{A3F21989-E50B-4B3C-97E0-B259A5BA0E51}.AppStore|iPhoneSimulator.Build.0 = Debug|Any CPU
		{A3F21989-E50B-4B3C-97E0-B259A5BA0E51}.AppStore|x64.ActiveCfg = Debug|Any CPU
		{A3F21989-E50B-4B3C-97E0-B259A5BA0E51}.AppStore|x64.Build.0 = Debug|Any CPU
		{A3F21989-E50B-4B3C-97E0-B259A5BA0E51}.AppStore|x86.ActiveCfg = Debug|Any CPU
		{A3F21989-E50B-4B3C-97E0-B259A5BA0E51}.AppStore|x86.Build.0 = Debug|Any CPU
		{A3F21989-E50B-4B3C-97E0-B259A5BA0E51}.Debug|Any CPU.ActiveCfg = Debug|Any CPU
		{A3F21989-E50B-4B3C-97E0-B259A5BA0E51}.Debug|Any CPU.Build.0 = Debug|Any CPU
		{A3F21989-E50B-4B3C-97E0-B259A5BA0E51}.Debug|ARM.ActiveCfg = Debug|Any CPU
		{A3F21989-E50B-4B3C-97E0-B259A5BA0E51}.Debug|ARM.Build.0 = Debug|Any CPU
		{A3F21989-E50B-4B3C-97E0-B259A5BA0E51}.Debug|iPhone.ActiveCfg = Debug|Any CPU
		{A3F21989-E50B-4B3C-97E0-B259A5BA0E51}.Debug|iPhone.Build.0 = Debug|Any CPU
		{A3F21989-E50B-4B3C-97E0-B259A5BA0E51}.Debug|iPhoneSimulator.ActiveCfg = Debug|Any CPU
		{A3F21989-E50B-4B3C-97E0-B259A5BA0E51}.Debug|iPhoneSimulator.Build.0 = Debug|Any CPU
		{A3F21989-E50B-4B3C-97E0-B259A5BA0E51}.Debug|x64.ActiveCfg = Debug|Any CPU
		{A3F21989-E50B-4B3C-97E0-B259A5BA0E51}.Debug|x64.Build.0 = Debug|Any CPU
		{A3F21989-E50B-4B3C-97E0-B259A5BA0E51}.Debug|x86.ActiveCfg = Debug|Any CPU
		{A3F21989-E50B-4B3C-97E0-B259A5BA0E51}.Debug|x86.Build.0 = Debug|Any CPU
		{A3F21989-E50B-4B3C-97E0-B259A5BA0E51}.Release|Any CPU.ActiveCfg = Release|Any CPU
		{A3F21989-E50B-4B3C-97E0-B259A5BA0E51}.Release|Any CPU.Build.0 = Release|Any CPU
		{A3F21989-E50B-4B3C-97E0-B259A5BA0E51}.Release|ARM.ActiveCfg = Release|Any CPU
		{A3F21989-E50B-4B3C-97E0-B259A5BA0E51}.Release|ARM.Build.0 = Release|Any CPU
		{A3F21989-E50B-4B3C-97E0-B259A5BA0E51}.Release|iPhone.ActiveCfg = Release|Any CPU
		{A3F21989-E50B-4B3C-97E0-B259A5BA0E51}.Release|iPhone.Build.0 = Release|Any CPU
		{A3F21989-E50B-4B3C-97E0-B259A5BA0E51}.Release|iPhoneSimulator.ActiveCfg = Release|Any CPU
		{A3F21989-E50B-4B3C-97E0-B259A5BA0E51}.Release|iPhoneSimulator.Build.0 = Release|Any CPU
		{A3F21989-E50B-4B3C-97E0-B259A5BA0E51}.Release|x64.ActiveCfg = Release|Any CPU
		{A3F21989-E50B-4B3C-97E0-B259A5BA0E51}.Release|x64.Build.0 = Release|Any CPU
		{A3F21989-E50B-4B3C-97E0-B259A5BA0E51}.Release|x86.ActiveCfg = Release|Any CPU
		{A3F21989-E50B-4B3C-97E0-B259A5BA0E51}.Release|x86.Build.0 = Release|Any CPU
	EndGlobalSection
	GlobalSection(SolutionProperties) = preSolution
		HideSolutionNode = FALSE
	EndGlobalSection
	GlobalSection(ExtensibilityGlobals) = postSolution
		SolutionGuid = {2BEC0C46-A474-4369-8CD5-9519EAF0AEE4}
	EndGlobalSection
EndGlobal
